
Microsoft Visual Studio Solution File, Format Version 12.00
# Visual Studio Version 17
VisualStudioVersion = 17.9.34728.123
MinimumVisualStudioVersion = 10.0.40219.1
Project("{FAE04EC0-301F-11D3-BF4B-00C04F79EFBC}") = "DateOnlyVariables", "DateOnlyVariables\DateOnlyVariables.csproj", "{EBA55F07-B343-4F35-B065-68DCC101F858}"
EndProject
Global
	GlobalSection(SolutionConfigurationPlatforms) = preSolution
		Debug|Any CPU = Debug|Any CPU
		Release|Any CPU = Release|Any CPU
	EndGlobalSection
	GlobalSection(ProjectConfigurationPlatforms) = postSolution
		{EBA55F07-B343-4F35-B065-68DCC101F858}.Debug|Any CPU.ActiveCfg = Debug|Any CPU
		{EBA55F07-B343-4F35-B065-68DCC101F858}.Debug|Any CPU.Build.0 = Debug|Any CPU
		{EBA55F07-B343-4F35-B065-68DCC101F858}.Release|Any CPU.ActiveCfg = Release|Any CPU
		{EBA55F07-B343-4F35-B065-68DCC101F858}.Release|Any CPU.Build.0 = Release|Any CPU
	EndGlobalSection
	GlobalSection(SolutionProperties) = preSolution
		HideSolutionNode = FALSE
	EndGlobalSection
	GlobalSection(ExtensibilityGlobals) = postSolution
		SolutionGuid = {56CD63EA-F1E3-4061-B9C2-79FC8BAFF912}
	EndGlobalSection
EndGlobal
