
Microsoft Visual Studio Solution File, Format Version 12.00
# Visual Studio Version 17
VisualStudioVersion = 17.9.34723.18
MinimumVisualStudioVersion = 10.0.40219.1
Project("{9A19103F-16F7-4668-BE54-9A1E7A4F7556}") = "ConsoleUI", "ConsoleUI\ConsoleUI.csproj", "{422DB08F-B363-470E-AA78-C2CB1F73B4F7}"
EndProject
Project("{FAE04EC0-301F-11D3-BF4B-00C04F79EFBC}") = "CoreLibrary", "CoreLibrary\CoreLibrary.csproj", "{F1F64D69-C85A-4F92-937A-304A9D8CC5D6}"
EndProject
Global
	GlobalSection(SolutionConfigurationPlatforms) = preSolution
		Debug|Any CPU = Debug|Any CPU
		Release|Any CPU = Release|Any CPU
	EndGlobalSection
	GlobalSection(ProjectConfigurationPlatforms) = postSolution
		{422DB08F-B363-470E-AA78-C2CB1F73B4F7}.Debug|Any CPU.ActiveCfg = Debug|Any CPU
		{422DB08F-B363-470E-AA78-C2CB1F73B4F7}.Debug|Any CPU.Build.0 = Debug|Any CPU
		{422DB08F-B363-470E-AA78-C2CB1F73B4F7}.Release|Any CPU.ActiveCfg = Release|Any CPU
		{422DB08F-B363-470E-AA78-C2CB1F73B4F7}.Release|Any CPU.Build.0 = Release|Any CPU
		{F1F64D69-C85A-4F92-937A-304A9D8CC5D6}.Debug|Any CPU.ActiveCfg = Debug|Any CPU
		{F1F64D69-C85A-4F92-937A-304A9D8CC5D6}.Debug|Any CPU.Build.0 = Debug|Any CPU
		{F1F64D69-C85A-4F92-937A-304A9D8CC5D6}.Release|Any CPU.ActiveCfg = Release|Any CPU
		{F1F64D69-C85A-4F92-937A-304A9D8CC5D6}.Release|Any CPU.Build.0 = Release|Any CPU
	EndGlobalSection
	GlobalSection(SolutionProperties) = preSolution
		HideSolutionNode = FALSE
	EndGlobalSection
	GlobalSection(ExtensibilityGlobals) = postSolution
		SolutionGuid = {2069FF3A-3C11-494D-BD19-D392979F3DD2}
	EndGlobalSection
EndGlobal
