
Microsoft Visual Studio Solution File, Format Version 12.00
# Visual Studio Version 16
VisualStudioVersion = 16.0.34601.136
MinimumVisualStudioVersion = 10.0.40219.1
Project("{FAE04EC0-301F-11D3-BF4B-00C04F79EFBC}") = "CardGame", "CardGame\CardGame.csproj", "{51FE996D-D2F6-4467-B4D4-552D8D336547}"
EndProject
Global
	GlobalSection(SolutionConfigurationPlatforms) = preSolution
		Debug|Any CPU = Debug|Any CPU
		Release|Any CPU = Release|Any CPU
	EndGlobalSection
	GlobalSection(ProjectConfigurationPlatforms) = postSolution
		{51FE996D-D2F6-4467-B4D4-552D8D336547}.Debug|Any CPU.ActiveCfg = Debug|Any CPU
		{51FE996D-D2F6-4467-B4D4-552D8D336547}.Debug|Any CPU.Build.0 = Debug|Any CPU
		{51FE996D-D2F6-4467-B4D4-552D8D336547}.Release|Any CPU.ActiveCfg = Release|Any CPU
		{51FE996D-D2F6-4467-B4D4-552D8D336547}.Release|Any CPU.Build.0 = Release|Any CPU
	EndGlobalSection
	GlobalSection(SolutionProperties) = preSolution
		HideSolutionNode = FALSE
	EndGlobalSection
	GlobalSection(ExtensibilityGlobals) = postSolution
		SolutionGuid = {8DA662A5-B2BC-45D7-899E-650503EE5AFD}
	EndGlobalSection
EndGlobal
