
Microsoft Visual Studio Solution File, Format Version 12.00
# Visual Studio Version 16
VisualStudioVersion = 16.0.34601.136
MinimumVisualStudioVersion = 10.0.40219.1
Project("{FAE04EC0-301F-11D3-BF4B-00C04F79EFBC}") = "WinFormHW", "WinFormHW\WinFormHW.csproj", "{D3D2F16F-3973-420B-B72B-AC3F7C651473}"
EndProject
Global
	GlobalSection(SolutionConfigurationPlatforms) = preSolution
		Debug|Any CPU = Debug|Any CPU
		Release|Any CPU = Release|Any CPU
	EndGlobalSection
	GlobalSection(ProjectConfigurationPlatforms) = postSolution
		{D3D2F16F-3973-420B-B72B-AC3F7C651473}.Debug|Any CPU.ActiveCfg = Debug|Any CPU
		{D3D2F16F-3973-420B-B72B-AC3F7C651473}.Debug|Any CPU.Build.0 = Debug|Any CPU
		{D3D2F16F-3973-420B-B72B-AC3F7C651473}.Release|Any CPU.ActiveCfg = Release|Any CPU
		{D3D2F16F-3973-420B-B72B-AC3F7C651473}.Release|Any CPU.Build.0 = Release|Any CPU
	EndGlobalSection
	GlobalSection(SolutionProperties) = preSolution
		HideSolutionNode = FALSE
	EndGlobalSection
	GlobalSection(ExtensibilityGlobals) = postSolution
		SolutionGuid = {5EE24EF9-5D74-4FD5-A646-60C9B667D9A0}
	EndGlobalSection
EndGlobal
