
Microsoft Visual Studio Solution File, Format Version 12.00
# Visual Studio Version 17
VisualStudioVersion = 17.9.34728.123
MinimumVisualStudioVersion = 10.0.40219.1
Project("{FAE04EC0-301F-11D3-BF4B-00C04F79EFBC}") = "GreetingApp", "GreetingApp\GreetingApp.csproj", "{CB736873-13CE-404D-BD95-732A8675A3BB}"
EndProject
Global
	GlobalSection(SolutionConfigurationPlatforms) = preSolution
		Debug|Any CPU = Debug|Any CPU
		Release|Any CPU = Release|Any CPU
	EndGlobalSection
	GlobalSection(ProjectConfigurationPlatforms) = postSolution
		{CB736873-13CE-404D-BD95-732A8675A3BB}.Debug|Any CPU.ActiveCfg = Debug|Any CPU
		{CB736873-13CE-404D-BD95-732A8675A3BB}.Debug|Any CPU.Build.0 = Debug|Any CPU
		{CB736873-13CE-404D-BD95-732A8675A3BB}.Release|Any CPU.ActiveCfg = Release|Any CPU
		{CB736873-13CE-404D-BD95-732A8675A3BB}.Release|Any CPU.Build.0 = Release|Any CPU
	EndGlobalSection
	GlobalSection(SolutionProperties) = preSolution
		HideSolutionNode = FALSE
	EndGlobalSection
	GlobalSection(ExtensibilityGlobals) = postSolution
		SolutionGuid = {C79C03B7-E955-4DF1-B627-C2BCF0367D23}
	EndGlobalSection
EndGlobal
