
Microsoft Visual Studio Solution File, Format Version 12.00
# Visual Studio Version 17
VisualStudioVersion = 17.9.34728.123
MinimumVisualStudioVersion = 10.0.40219.1
Project("{FAE04EC0-301F-11D3-BF4B-00C04F79EFBC}") = "ApiSecurity", "ApiSecurity\ApiSecurity.csproj", "{A94A7B7F-DBF0-42F4-B4AE-D5C060FF449C}"
EndProject
Global
	GlobalSection(SolutionConfigurationPlatforms) = preSolution
		Debug|Any CPU = Debug|Any CPU
		Release|Any CPU = Release|Any CPU
	EndGlobalSection
	GlobalSection(ProjectConfigurationPlatforms) = postSolution
		{A94A7B7F-DBF0-42F4-B4AE-D5C060FF449C}.Debug|Any CPU.ActiveCfg = Debug|Any CPU
		{A94A7B7F-DBF0-42F4-B4AE-D5C060FF449C}.Debug|Any CPU.Build.0 = Debug|Any CPU
		{A94A7B7F-DBF0-42F4-B4AE-D5C060FF449C}.Release|Any CPU.ActiveCfg = Release|Any CPU
		{A94A7B7F-DBF0-42F4-B4AE-D5C060FF449C}.Release|Any CPU.Build.0 = Release|Any CPU
	EndGlobalSection
	GlobalSection(SolutionProperties) = preSolution
		HideSolutionNode = FALSE
	EndGlobalSection
	GlobalSection(ExtensibilityGlobals) = postSolution
		SolutionGuid = {14EBD79D-BBAC-4F04-A4E3-C2E5A1EB9D0B}
	EndGlobalSection
EndGlobal
