
Microsoft Visual Studio Solution File, Format Version 12.00
# Visual Studio Version 17
VisualStudioVersion = 17.9.34728.123
MinimumVisualStudioVersion = 10.0.40219.1
Project("{FAE04EC0-301F-11D3-BF4B-00C04F79EFBC}") = "RazorPagesMiniProject", "RazorPagesMiniProject\RazorPagesMiniProject.csproj", "{EDFF25B2-EE6E-4AC7-BFD1-CC51206A751D}"
EndProject
Global
	GlobalSection(SolutionConfigurationPlatforms) = preSolution
		Debug|Any CPU = Debug|Any CPU
		Release|Any CPU = Release|Any CPU
	EndGlobalSection
	GlobalSection(ProjectConfigurationPlatforms) = postSolution
		{EDFF25B2-EE6E-4AC7-BFD1-CC51206A751D}.Debug|Any CPU.ActiveCfg = Debug|Any CPU
		{EDFF25B2-EE6E-4AC7-BFD1-CC51206A751D}.Debug|Any CPU.Build.0 = Debug|Any CPU
		{EDFF25B2-EE6E-4AC7-BFD1-CC51206A751D}.Release|Any CPU.ActiveCfg = Release|Any CPU
		{EDFF25B2-EE6E-4AC7-BFD1-CC51206A751D}.Release|Any CPU.Build.0 = Release|Any CPU
	EndGlobalSection
	GlobalSection(SolutionProperties) = preSolution
		HideSolutionNode = FALSE
	EndGlobalSection
	GlobalSection(ExtensibilityGlobals) = postSolution
		SolutionGuid = {057DFB5D-67FD-4697-BA87-4D636FD620AC}
	EndGlobalSection
EndGlobal
