
Microsoft Visual Studio Solution File, Format Version 12.00
# Visual Studio Version 17
VisualStudioVersion = 17.9.34728.123
MinimumVisualStudioVersion = 10.0.40219.1
Project("{FAE04EC0-301F-11D3-BF4B-00C04F79EFBC}") = "WPFMessageWall", "WPFMessageWall\WPFMessageWall.csproj", "{1E38D696-95F0-44CF-9358-43747A7C98DC}"
EndProject
Project("{FAE04EC0-301F-11D3-BF4B-00C04F79EFBC}") = "WPFFrameworkDemoUI", "WPFFrameworkDemoUI\WPFFrameworkDemoUI.csproj", "{77BA5DDD-AB26-4E56-A7D1-F2E61D78D470}"
EndProject
Project("{FAE04EC0-301F-11D3-BF4B-00C04F79EFBC}") = "WPFHW", "WPFHW\WPFHW.csproj", "{96F8CE7E-0FE6-435F-BEDC-A4E174575141}"
EndProject
Global
	GlobalSection(SolutionConfigurationPlatforms) = preSolution
		Debug|Any CPU = Debug|Any CPU
		Release|Any CPU = Release|Any CPU
	EndGlobalSection
	GlobalSection(ProjectConfigurationPlatforms) = postSolution
		{1E38D696-95F0-44CF-9358-43747A7C98DC}.Debug|Any CPU.ActiveCfg = Debug|Any CPU
		{1E38D696-95F0-44CF-9358-43747A7C98DC}.Debug|Any CPU.Build.0 = Debug|Any CPU
		{1E38D696-95F0-44CF-9358-43747A7C98DC}.Release|Any CPU.ActiveCfg = Release|Any CPU
		{1E38D696-95F0-44CF-9358-43747A7C98DC}.Release|Any CPU.Build.0 = Release|Any CPU
		{77BA5DDD-AB26-4E56-A7D1-F2E61D78D470}.Debug|Any CPU.ActiveCfg = Debug|Any CPU
		{77BA5DDD-AB26-4E56-A7D1-F2E61D78D470}.Debug|Any CPU.Build.0 = Debug|Any CPU
		{77BA5DDD-AB26-4E56-A7D1-F2E61D78D470}.Release|Any CPU.ActiveCfg = Release|Any CPU
		{77BA5DDD-AB26-4E56-A7D1-F2E61D78D470}.Release|Any CPU.Build.0 = Release|Any CPU
		{96F8CE7E-0FE6-435F-BEDC-A4E174575141}.Debug|Any CPU.ActiveCfg = Debug|Any CPU
		{96F8CE7E-0FE6-435F-BEDC-A4E174575141}.Debug|Any CPU.Build.0 = Debug|Any CPU
		{96F8CE7E-0FE6-435F-BEDC-A4E174575141}.Release|Any CPU.ActiveCfg = Release|Any CPU
		{96F8CE7E-0FE6-435F-BEDC-A4E174575141}.Release|Any CPU.Build.0 = Release|Any CPU
	EndGlobalSection
	GlobalSection(SolutionProperties) = preSolution
		HideSolutionNode = FALSE
	EndGlobalSection
	GlobalSection(ExtensibilityGlobals) = postSolution
		SolutionGuid = {0D59FF48-BD09-4097-A911-FDA8E317F76A}
	EndGlobalSection
EndGlobal
