
Microsoft Visual Studio Solution File, Format Version 12.00
# Visual Studio Version 17
VisualStudioVersion = 17.9.34728.123
MinimumVisualStudioVersion = 10.0.40219.1
Project("{FAE04EC0-301F-11D3-BF4B-00C04F79EFBC}") = "MessageWallAPI", "MessageWallAPI\MessageWallAPI.csproj", "{0BFB5947-A05D-4799-AEFD-F55C18DBAD10}"
EndProject
Global
	GlobalSection(SolutionConfigurationPlatforms) = preSolution
		Debug|Any CPU = Debug|Any CPU
		Release|Any CPU = Release|Any CPU
	EndGlobalSection
	GlobalSection(ProjectConfigurationPlatforms) = postSolution
		{0BFB5947-A05D-4799-AEFD-F55C18DBAD10}.Debug|Any CPU.ActiveCfg = Debug|Any CPU
		{0BFB5947-A05D-4799-AEFD-F55C18DBAD10}.Debug|Any CPU.Build.0 = Debug|Any CPU
		{0BFB5947-A05D-4799-AEFD-F55C18DBAD10}.Release|Any CPU.ActiveCfg = Release|Any CPU
		{0BFB5947-A05D-4799-AEFD-F55C18DBAD10}.Release|Any CPU.Build.0 = Release|Any CPU
	EndGlobalSection
	GlobalSection(SolutionProperties) = preSolution
		HideSolutionNode = FALSE
	EndGlobalSection
	GlobalSection(ExtensibilityGlobals) = postSolution
		SolutionGuid = {D4DDF83C-EC47-4056-A3FB-200D88A1BB27}
	EndGlobalSection
EndGlobal
