
Microsoft Visual Studio Solution File, Format Version 12.00
# Visual Studio Version 17
VisualStudioVersion = 17.9.34728.123
MinimumVisualStudioVersion = 10.0.40219.1
Project("{FAE04EC0-301F-11D3-BF4B-00C04F79EFBC}") = "StringVariables", "StringVariables\StringVariables.csproj", "{E2F6ACBF-03AD-4FFA-88E1-905C8882AC29}"
EndProject
Global
	GlobalSection(SolutionConfigurationPlatforms) = preSolution
		Debug|Any CPU = Debug|Any CPU
		Release|Any CPU = Release|Any CPU
	EndGlobalSection
	GlobalSection(ProjectConfigurationPlatforms) = postSolution
		{E2F6ACBF-03AD-4FFA-88E1-905C8882AC29}.Debug|Any CPU.ActiveCfg = Debug|Any CPU
		{E2F6ACBF-03AD-4FFA-88E1-905C8882AC29}.Debug|Any CPU.Build.0 = Debug|Any CPU
		{E2F6ACBF-03AD-4FFA-88E1-905C8882AC29}.Release|Any CPU.ActiveCfg = Release|Any CPU
		{E2F6ACBF-03AD-4FFA-88E1-905C8882AC29}.Release|Any CPU.Build.0 = Release|Any CPU
	EndGlobalSection
	GlobalSection(SolutionProperties) = preSolution
		HideSolutionNode = FALSE
	EndGlobalSection
	GlobalSection(ExtensibilityGlobals) = postSolution
		SolutionGuid = {3D729392-E156-4144-9F40-B8FD02FAF1A5}
	EndGlobalSection
EndGlobal
