
Microsoft Visual Studio Solution File, Format Version 12.00
# Visual Studio Version 16
VisualStudioVersion = 16.0.34601.136
MinimumVisualStudioVersion = 10.0.40219.1
Project("{FAE04EC0-301F-11D3-BF4B-00C04F79EFBC}") = "WinFormMiniProject", "WinFormMiniProject\WinFormMiniProject.csproj", "{A77B41DE-8C4C-4FF3-A8E8-A01AA651F087}"
EndProject
Project("{FAE04EC0-301F-11D3-BF4B-00C04F79EFBC}") = "DemoLibrary", "DemoLibrary\DemoLibrary.csproj", "{EA0BD34E-0E09-493E-8E32-CF492E8985F6}"
EndProject
Global
	GlobalSection(SolutionConfigurationPlatforms) = preSolution
		Debug|Any CPU = Debug|Any CPU
		Release|Any CPU = Release|Any CPU
	EndGlobalSection
	GlobalSection(ProjectConfigurationPlatforms) = postSolution
		{A77B41DE-8C4C-4FF3-A8E8-A01AA651F087}.Debug|Any CPU.ActiveCfg = Debug|Any CPU
		{A77B41DE-8C4C-4FF3-A8E8-A01AA651F087}.Debug|Any CPU.Build.0 = Debug|Any CPU
		{A77B41DE-8C4C-4FF3-A8E8-A01AA651F087}.Release|Any CPU.ActiveCfg = Release|Any CPU
		{A77B41DE-8C4C-4FF3-A8E8-A01AA651F087}.Release|Any CPU.Build.0 = Release|Any CPU
		{EA0BD34E-0E09-493E-8E32-CF492E8985F6}.Debug|Any CPU.ActiveCfg = Debug|Any CPU
		{EA0BD34E-0E09-493E-8E32-CF492E8985F6}.Debug|Any CPU.Build.0 = Debug|Any CPU
		{EA0BD34E-0E09-493E-8E32-CF492E8985F6}.Release|Any CPU.ActiveCfg = Release|Any CPU
		{EA0BD34E-0E09-493E-8E32-CF492E8985F6}.Release|Any CPU.Build.0 = Release|Any CPU
	EndGlobalSection
	GlobalSection(SolutionProperties) = preSolution
		HideSolutionNode = FALSE
	EndGlobalSection
	GlobalSection(ExtensibilityGlobals) = postSolution
		SolutionGuid = {CCD802B6-C932-406E-9D27-432861C14599}
	EndGlobalSection
EndGlobal
