
Microsoft Visual Studio Solution File, Format Version 12.00
# Visual Studio Version 17
VisualStudioVersion = 17.9.34723.18
MinimumVisualStudioVersion = 10.0.40219.1
Project("{FAE04EC0-301F-11D3-BF4B-00C04F79EFBC}") = "DictionaryHW", "DictionaryHW\DictionaryHW.csproj", "{73390A03-37E3-4D95-A0A5-44B7F50845A1}"
EndProject
Global
	GlobalSection(SolutionConfigurationPlatforms) = preSolution
		Debug|Any CPU = Debug|Any CPU
		Release|Any CPU = Release|Any CPU
	EndGlobalSection
	GlobalSection(ProjectConfigurationPlatforms) = postSolution
		{73390A03-37E3-4D95-A0A5-44B7F50845A1}.Debug|Any CPU.ActiveCfg = Debug|Any CPU
		{73390A03-37E3-4D95-A0A5-44B7F50845A1}.Debug|Any CPU.Build.0 = Debug|Any CPU
		{73390A03-37E3-4D95-A0A5-44B7F50845A1}.Release|Any CPU.ActiveCfg = Release|Any CPU
		{73390A03-37E3-4D95-A0A5-44B7F50845A1}.Release|Any CPU.Build.0 = Release|Any CPU
	EndGlobalSection
	GlobalSection(SolutionProperties) = preSolution
		HideSolutionNode = FALSE
	EndGlobalSection
	GlobalSection(ExtensibilityGlobals) = postSolution
		SolutionGuid = {B00AD43D-AEC6-4A78-A4EA-AE7479975DB2}
	EndGlobalSection
EndGlobal
